
Microsoft Visual Studio Solution File, Format Version 12.00
# Visual Studio Version 17
VisualStudioVersion = 17.0.32126.317
MinimumVisualStudioVersion = 10.0.40219.1
Project("{FAE04EC0-301F-11D3-BF4B-00C04F79EFBC}") = "calculator", "calculator.csproj", "{C95E0482-EEC8-4868-9D55-6CA2BB842695}"
EndProject
Global
	GlobalSection(SolutionConfigurationPlatforms) = preSolution
		Debug|Any CPU = Debug|Any CPU
		Release|Any CPU = Release|Any CPU
	EndGlobalSection
	GlobalSection(ProjectConfigurationPlatforms) = postSolution
		{C95E0482-EEC8-4868-9D55-6CA2BB842695}.Debug|Any CPU.ActiveCfg = Debug|Any CPU
		{C95E0482-EEC8-4868-9D55-6CA2BB842695}.Debug|Any CPU.Build.0 = Debug|Any CPU
		{C95E0482-EEC8-4868-9D55-6CA2BB842695}.Release|Any CPU.ActiveCfg = Release|Any CPU
		{C95E0482-EEC8-4868-9D55-6CA2BB842695}.Release|Any CPU.Build.0 = Release|Any CPU
	EndGlobalSection
	GlobalSection(SolutionProperties) = preSolution
		HideSolutionNode = FALSE
	EndGlobalSection
	GlobalSection(ExtensibilityGlobals) = postSolution
		SolutionGuid = {7E8A401C-65F7-4E89-80B8-61BF23DFD8FA}
	EndGlobalSection
EndGlobal
